
Microsoft Visual Studio Solution File, Format Version 12.00
# Visual Studio Version 16
VisualStudioVersion = 16.0.29905.134
MinimumVisualStudioVersion = 10.0.40219.1
Project("{FAE04EC0-301F-11D3-BF4B-00C04F79EFBC}") = "CovidBack", "CovidBack\CovidBack.csproj", "{9BF7AD8B-2852-4F16-A0C4-37F206519F4B}"
EndProject
Global
	GlobalSection(SolutionConfigurationPlatforms) = preSolution
		Debug|Any CPU = Debug|Any CPU
		Release|Any CPU = Release|Any CPU
	EndGlobalSection
	GlobalSection(ProjectConfigurationPlatforms) = postSolution
		{9BF7AD8B-2852-4F16-A0C4-37F206519F4B}.Debug|Any CPU.ActiveCfg = Debug|Any CPU
		{9BF7AD8B-2852-4F16-A0C4-37F206519F4B}.Debug|Any CPU.Build.0 = Debug|Any CPU
		{9BF7AD8B-2852-4F16-A0C4-37F206519F4B}.Release|Any CPU.ActiveCfg = Release|Any CPU
		{9BF7AD8B-2852-4F16-A0C4-37F206519F4B}.Release|Any CPU.Build.0 = Release|Any CPU
	EndGlobalSection
	GlobalSection(SolutionProperties) = preSolution
		HideSolutionNode = FALSE
	EndGlobalSection
	GlobalSection(ExtensibilityGlobals) = postSolution
		SolutionGuid = {63F2E372-A569-4385-B46F-A5C7B30A42CF}
	EndGlobalSection
EndGlobal
